
Microsoft Visual Studio Solution File, Format Version 12.00
# Visual Studio Version 16
VisualStudioVersion = 16.0.30204.135
MinimumVisualStudioVersion = 10.0.40219.1
Project("{FAE04EC0-301F-11D3-BF4B-00C04F79EFBC}") = "CSharp8", "CSharp8\CSharp8.csproj", "{B77D9720-1B94-4860-AB43-E0EAC62420E0}"
EndProject
Global
	GlobalSection(SolutionConfigurationPlatforms) = preSolution
		Debug|Any CPU = Debug|Any CPU
		Release|Any CPU = Release|Any CPU
	EndGlobalSection
	GlobalSection(ProjectConfigurationPlatforms) = postSolution
		{B77D9720-1B94-4860-AB43-E0EAC62420E0}.Debug|Any CPU.ActiveCfg = Debug|Any CPU
		{B77D9720-1B94-4860-AB43-E0EAC62420E0}.Debug|Any CPU.Build.0 = Debug|Any CPU
		{B77D9720-1B94-4860-AB43-E0EAC62420E0}.Release|Any CPU.ActiveCfg = Release|Any CPU
		{B77D9720-1B94-4860-AB43-E0EAC62420E0}.Release|Any CPU.Build.0 = Release|Any CPU
	EndGlobalSection
	GlobalSection(SolutionProperties) = preSolution
		HideSolutionNode = FALSE
	EndGlobalSection
	GlobalSection(ExtensibilityGlobals) = postSolution
		SolutionGuid = {5D6B1B2C-E1AA-474C-91FF-357BF9FCBBD4}
	EndGlobalSection
EndGlobal
